
Microsoft Visual Studio Solution File, Format Version 12.00
# Visual Studio Version 17
VisualStudioVersion = 17.10.35013.160
MinimumVisualStudioVersion = 10.0.40219.1
Project("{FAE04EC0-301F-11D3-BF4B-00C04F79EFBC}") = "c#practice", "c#practice\c#practice.csproj", "{B798BFC3-C438-4224-9B70-7FDE4844683A}"
EndProject
Global
	GlobalSection(SolutionConfigurationPlatforms) = preSolution
		Debug|Any CPU = Debug|Any CPU
		Release|Any CPU = Release|Any CPU
	EndGlobalSection
	GlobalSection(ProjectConfigurationPlatforms) = postSolution
		{B798BFC3-C438-4224-9B70-7FDE4844683A}.Debug|Any CPU.ActiveCfg = Debug|Any CPU
		{B798BFC3-C438-4224-9B70-7FDE4844683A}.Debug|Any CPU.Build.0 = Debug|Any CPU
		{B798BFC3-C438-4224-9B70-7FDE4844683A}.Release|Any CPU.ActiveCfg = Release|Any CPU
		{B798BFC3-C438-4224-9B70-7FDE4844683A}.Release|Any CPU.Build.0 = Release|Any CPU
	EndGlobalSection
	GlobalSection(SolutionProperties) = preSolution
		HideSolutionNode = FALSE
	EndGlobalSection
	GlobalSection(ExtensibilityGlobals) = postSolution
		SolutionGuid = {236D46B3-D728-44E5-8C6A-848C316433D7}
	EndGlobalSection
EndGlobal
